// !$*UTF8*$!
{
	archiveVersion = 1;
	classes = {
	};
	objectVersion = 50;
	objects = {

/* Begin PBXBuildFile section */
		FB8C7A492469DCCA00027FC6 /* AppDelegate.swift in Sources */ = {isa = PBXBuildFile; fileRef = FB8C7A482469DCCA00027FC6 /* AppDelegate.swift */; };
		FB8C7A4B2469DCCA00027FC6 /* SceneDelegate.swift in Sources */ = {isa = PBXBuildFile; fileRef = FB8C7A4A2469DCCA00027FC6 /* SceneDelegate.swift */; };
		FB8C7A4D2469DCCA00027FC6 /* ContentView.swift in Sources */ = {isa = PBXBuildFile; fileRef = FB8C7A4C2469DCCA00027FC6 /* ContentView.swift */; };
		FB8C7A4F2469DCCC00027FC6 /* Assets.xcassets in Resources */ = {isa = PBXBuildFile; fileRef = FB8C7A4E2469DCCC00027FC6 /* Assets.xcassets */; };
		FB8C7A522469DCCC00027FC6 /* Preview Assets.xcassets in Resources */ = {isa = PBXBuildFile; fileRef = FB8C7A512469DCCC00027FC6 /* Preview Assets.xcassets */; };
		FB8C7A552469DCCC00027FC6 /* LaunchScreen.storyboard in Resources */ = {isa = PBXBuildFile; fileRef = FB8C7A532469DCCC00027FC6 /* LaunchScreen.storyboard */; };
/* End PBXBuildFile section */

/* Begin PBXFileReference section */
		FB8C7A452469DCCA00027FC6 /* PhotoSizer.app */ = {isa = PBXFileReference; explicitFileType = wrapper.application; includeInIndex = 0; path = PhotoSizer.app; sourceTree = BUILT_PRODUCTS_DIR; };
		FB8C7A482469DCCA00027FC6 /* AppDelegate.swift */ = {isa = PBXFileReference; lastKnownFileType = sourcecode.swift; path = AppDelegate.swift; sourceTree = "<group>"; };
		FB8C7A4A2469DCCA00027FC6 /* SceneDelegate.swift */ = {isa = PBXFileReference; lastKnownFileType = sourcecode.swift; path = SceneDelegate.swift; sourceTree = "<group>"; };
		FB8C7A4C2469DCCA00027FC6 /* ContentView.swift */ = {isa = PBXFileReference; lastKnownFileType = sourcecode.swift; path = ContentView.swift; sourceTree = "<group>"; };
		FB8C7A4E2469DCCC00027FC6 /* Assets.xcassets */ = {isa = PBXFileReference; lastKnownFileType = folder.assetcatalog; path = Assets.xcassets; sourceTree = "<group>"; };
		FB8C7A512469DCCC00027FC6 /* Preview Assets.xcassets */ = {isa = PBXFileReference; lastKnownFileType = folder.assetcatalog; path = "Preview Assets.xcassets"; sourceTree = "<group>"; };
		FB8C7A542469DCCC00027FC6 /* Base */ = {isa = PBXFileReference; lastKnownFileType = file.storyboard; name = Base; path = Base.lproj/LaunchScreen.storyboard; sourceTree = "<group>"; };
		FB8C7A562469DCCC00027FC6 /* Info.plist */ = {isa = PBXFileReference; lastKnownFileType = text.plist.xml; path = Info.plist; sourceTree = "<group>"; };
/* End PBXFileReference section */

/* Begin PBXFrameworksBuildPhase section */
		FB8C7A422469DCCA00027FC6 /* Frameworks */ = {
			isa = PBXFrameworksBuildPhase;
			buildActionMask = 2147483647;
			files = (
			);
			runOnlyForDeploymentPostprocessing = 0;
		};
/* End PBXFrameworksBuildPhase section */

/* Begin PBXGroup section */
		FB8C7A3C2469DCCA00027FC6 = {
			isa = PBXGroup;
			children = (
				FB8C7A472469DCCA00027FC6 /* PhotoSizer */,
				FB8C7A462469DCCA00027FC6 /* Products */,
			);
			sourceTree = "<group>";
		};
		FB8C7A462469DCCA00027FC6 /* Products */ = {
			isa = PBXGroup;
			children = (
				FB8C7A452469DCCA00027FC6 /* PhotoSizer.app */,
			);
			name = Products;
			sourceTree = "<group>";
		};
		FB8C7A472469DCCA00027FC6 /* PhotoSizer */ = {
			isa = PBXGroup;
			children = (
				FB8C7A482469DCCA00027FC6 /* AppDelegate.swift */,
				FB8C7A4A2469DCCA00027FC6 /* SceneDelegate.swift */,
				FB8C7A4C2469DCCA00027FC6 /* ContentView.swift */,
				FB8C7A4E2469DCCC00027FC6 /* Assets.xcassets */,
				FB8C7A532469DCCC00027FC6 /* LaunchScreen.storyboard */,
				FB8C7A562469DCCC00027FC6 /* Info.plist */,
				FB8C7A502469DCCC00027FC6 /* Preview Content */,
			);
			path = PhotoSizer;
			sourceTree = "<group>";
		};
		FB8C7A502469DCCC00027FC6 /* Preview Content */ = {
			isa = PBXGroup;
			children = (
				FB8C7A512469DCCC00027FC6 /* Preview Assets.xcassets */,
			);
			path = "Preview Content";
			sourceTree = "<group>";
		};
/* End PBXGroup section */

/* Begin PBXNativeTarget section */
		FB8C7A442469DCCA00027FC6 /* PhotoSizer */ = {
			isa = PBXNativeTarget;
			buildConfigurationList = FB8C7A592469DCCC00027FC6 /* Build configuration list for PBXNativeTarget "PhotoSizer" */;
			buildPhases = (
				FB8C7A412469DCCA00027FC6 /* Sources */,
				FB8C7A422469DCCA00027FC6 /* Frameworks */,
				FB8C7A432469DCCA00027FC6 /* Resources */,
			);
			buildRules = (
			);
			dependencies = (
			);
			name = PhotoSizer;
			productName = PhotoSizer;
			productReference = FB8C7A452469DCCA00027FC6 /* PhotoSizer.app */;
			productType = "com.apple.product-type.application";
		};
/* End PBXNativeTarget section */

/* Begin PBXProject section */
		FB8C7A3D2469DCCA00027FC6 /* Project object */ = {
			isa = PBXProject;
			attributes = {
				LastSwiftUpdateCheck = 1140;
				LastUpgradeCheck = 1140;
				ORGANIZATIONNAME = "Rob Napier";
				TargetAttributes = {
					FB8C7A442469DCCA00027FC6 = {
						CreatedOnToolsVersion = 11.4.1;
					};
				};
			};
			buildConfigurationList = FB8C7A402469DCCA00027FC6 /* Build configuration list for PBXProject "PhotoSizer" */;
			compatibilityVersion = "Xcode 9.3";
			developmentRegion = en;
			hasScannedForEncodings = 0;
			knownRegions = (
				en,
				Base,
			);
			mainGroup = FB8C7A3C2469DCCA00027FC6;
			productRefGroup = FB8C7A462469DCCA00027FC6 /* Products */;
			projectDirPath = "";
			projectRoot = "";
			targets = (
				FB8C7A442469DCCA00027FC6 /* PhotoSizer */,
			);
		};
/* End PBXProject section */

/* Begin PBXResourcesBuildPhase section */
		FB8C7A432469DCCA00027FC6 /* Resources */ = {
			isa = PBXResourcesBuildPhase;
			buildActionMask = 2147483647;
			files = (
				FB8C7A552469DCCC00027FC6 /* LaunchScreen.storyboard in Resources */,
				FB8C7A522469DCCC00027FC6 /* Preview Assets.xcassets in Resources */,
				FB8C7A4F2469DCCC00027FC6 /* Assets.xcassets in Resources */,
			);
			runOnlyForDeploymentPostprocessing = 0;
		};
/* End PBXResourcesBuildPhase section */

/* Begin PBXSourcesBuildPhase section */
		FB8C7A412469DCCA00027FC6 /* Sources */ = {
			isa = PBXSourcesBuildPhase;
			buildActionMask = 2147483647;
			files = (
				FB8C7A492469DCCA00027FC6 /* AppDelegate.swift in Sources */,
				FB8C7A4B2469DCCA00027FC6 /* SceneDelegate.swift in Sources */,
				FB8C7A4D2469DCCA00027FC6 /* ContentView.swift in Sources */,
			);
			runOnlyForDeploymentPostprocessing = 0;
		};
/* End PBXSourcesBuildPhase section */

/* Begin PBXVariantGroup section */
		FB8C7A532469DCCC00027FC6 /* LaunchScreen.storyboard */ = {
			isa = PBXVariantGroup;
			children = (
				FB8C7A542469DCCC00027FC6 /* Base */,
			);
			name = LaunchScreen.storyboard;
			sourceTree = "<group>";
		};
/* End PBXVariantGroup section */

/* Begin XCBuildConfiguration section */
		FB8C7A572469DCCC00027FC6 /* Debug */ = {
			isa = XCBuildConfiguration;
			buildSettings = {
				ALWAYS_SEARCH_USER_PATHS = NO;
				CLANG_ANALYZER_NONNULL = YES;
				CLANG_ANALYZER_NUMBER_OBJECT_CONVERSION = YES_AGGRESSIVE;
				CLANG_CXX_LANGUAGE_STANDARD = "gnu++14";
				CLANG_CXX_LIBRARY = "libc++";
				CLANG_ENABLE_MODULES = YES;
				CLANG_ENABLE_OBJC_ARC = YES;
				CLANG_ENABLE_OBJC_WEAK = YES;
				CLANG_WARN_BLOCK_CAPTURE_AUTORELEASING = YES;
				CLANG_WARN_BOOL_CONVERSION = YES;
				CLANG_WARN_COMMA = YES;
				CLANG_WARN_CONSTANT_CONVERSION = YES;
				CLANG_WARN_DEPRECATED_OBJC_IMPLEMENTATIONS = YES;
				CLANG_WARN_DIRECT_OBJC_ISA_USAGE = YES_ERROR;
				CLANG_WARN_DOCUMENTATION_COMMENTS = YES;
				CLANG_WARN_EMPTY_BODY = YES;
				CLANG_WARN_ENUM_CONVERSION = YES;
				CLANG_WARN_INFINITE_RECURSION = YES;
				CLANG_WARN_INT_CONVERSION = YES;
				CLANG_WARN_NON_LITERAL_NULL_CONVERSION = YES;
				CLANG_WARN_OBJC_IMPLICIT_RETAIN_SELF = YES;
				CLANG_WARN_OBJC_LITERAL_CONVERSION = YES;
				CLANG_WARN_OBJC_ROOT_CLASS = YES_ERROR;
				CLANG_WARN_RANGE_LOOP_ANALYSIS = YES;
				CLANG_WARN_STRICT_PROTOTYPES = YES;
				CLANG_WARN_SUSPICIOUS_MOVE = YES;
				CLANG_WARN_UNGUARDED_AVAILABILITY = YES_AGGRESSIVE;
				CLANG_WARN_UNREACHABLE_CODE = YES;
				CLANG_WARN__DUPLICATE_METHOD_MATCH = YES;
				COPY_PHASE_STRIP = NO;
				DEBUG_INFORMATION_FORMAT = dwarf;
				ENABLE_STRICT_OBJC_MSGSEND = YES;
				ENABLE_TESTABILITY = YES;
				GCC_C_LANGUAGE_STANDARD = gnu11;
				GCC_DYNAMIC_NO_PIC = NO;
				GCC_NO_COMMON_BLOCKS = YES;
				GCC_OPTIMIZATION_LEVEL = 0;
				GCC_PREPROCESSOR_DEFINITIONS = (
					"DEBUG=1",
					"$(inherited)",
				);
				GCC_WARN_64_TO_32_BIT_CONVERSION = YES;
				GCC_WARN_ABOUT_RETURN_TYPE = YES_ERROR;
				GCC_WARN_UNDECLARED_SELECTOR = YES;
				GCC_WARN_UNINITIALIZED_AUTOS = YES_AGGRESSIVE;
				GCC_WARN_UNUSED_FUNCTION = YES;
				GCC_WARN_UNUSED_VARIABLE = YES;
				IPHONEOS_DEPLOYMENT_TARGET = 13.4;
				MTL_ENABLE_DEBUG_INFO = INCLUDE_SOURCE;
				MTL_FAST_MATH = YES;
				ONLY_ACTIVE_ARCH = YES;
				SDKROOT = iphoneos;
				SWIFT_ACTIVE_COMPILATION_CONDITIONS = DEBUG;
				SWIFT_OPTIMIZATION_LEVEL = "-Onone";
			};
			name = Debug;
		};
		FB8C7A582469DCCC00027FC6 /* Release */ = {
			isa = XCBuildConfiguration;
			buildSettings = {
				ALWAYS_SEARCH_USER_PATHS = NO;
				CLANG_ANALYZER_NONNULL = YES;
				CLANG_ANALYZER_NUMBER_OBJECT_CONVERSION = YES_AGGRESSIVE;
				CLANG_CXX_LANGUAGE_STANDARD = "gnu++14";
				CLANG_CXX_LIBRARY = "libc++";
				CLANG_ENABLE_MODULES = YES;
				CLANG_ENABLE_OBJC_ARC = YES;
				CLANG_ENABLE_OBJC_WEAK = YES;
				CLANG_WARN_BLOCK_CAPTURE_AUTORELEASING = YES;
				CLANG_WARN_BOOL_CONVERSION = YES;
				CLANG_WARN_COMMA = YES;
				CLANG_WARN_CONSTANT_CONVERSION = YES;
				CLANG_WARN_DEPRECATED_OBJC_IMPLEMENTATIONS = YES;
				CLANG_WARN_DIRECT_OBJC_ISA_USAGE = YES_ERROR;
				CLANG_WARN_DOCUMENTATION_COMMENTS = YES;
				CLANG_WARN_EMPTY_BODY = YES;
				CLANG_WARN_ENUM_CONVERSION = YES;
				CLANG_WARN_INFINITE_RECURSION = YES;
				CLANG_WARN_INT_CONVERSION = YES;
				CLANG_WARN_NON_LITERAL_NULL_CONVERSION = YES;
				CLANG_WARN_OBJC_IMPLICIT_RETAIN_SELF = YES;
				CLANG_WARN_OBJC_LITERAL_CONVERSION = YES;
				CLANG_WARN_OBJC_ROOT_CLASS = YES_ERROR;
				CLANG_WARN_RANGE_LOOP_ANALYSIS = YES;
				CLANG_WARN_STRICT_PROTOTYPES = YES;
				CLANG_WARN_SUSPICIOUS_MOVE = YES;
				CLANG_WARN_UNGUARDED_AVAILABILITY = YES_AGGRESSIVE;
				CLANG_WARN_UNREACHABLE_CODE = YES;
				CLANG_WARN__DUPLICATE_METHOD_MATCH = YES;
				COPY_PHASE_STRIP = NO;
				DEBUG_INFORMATION_FORMAT = "dwarf-with-dsym";
				ENABLE_NS_ASSERTIONS = NO;
				ENABLE_STRICT_OBJC_MSGSEND = YES;
				GCC_C_LANGUAGE_STANDARD = gnu11;
				GCC_NO_COMMON_BLOCKS = YES;
				GCC_WARN_64_TO_32_BIT_CONVERSION = YES;
				GCC_WARN_ABOUT_RETURN_TYPE = YES_ERROR;
				GCC_WARN_UNDECLARED_SELECTOR = YES;
				GCC_WARN_UNINITIALIZED_AUTOS = YES_AGGRESSIVE;
				GCC_WARN_UNUSED_FUNCTION = YES;
				GCC_WARN_UNUSED_VARIABLE = YES;
				IPHONEOS_DEPLOYMENT_TARGET = 13.4;
				MTL_ENABLE_DEBUG_INFO = NO;
				MTL_FAST_MATH = YES;
				SDKROOT = iphoneos;
				SWIFT_COMPILATION_MODE = wholemodule;
				SWIFT_OPTIMIZATION_LEVEL = "-O";
				VALIDATE_PRODUCT = YES;
			};
			name = Release;
		};
		FB8C7A5A2469DCCC00027FC6 /* Debug */ = {
			isa = XCBuildConfiguration;
			buildSettings = {
				ASSETCATALOG_COMPILER_APPICON_NAME = AppIcon;
				CODE_SIGN_STYLE = Automatic;
				DEVELOPMENT_ASSET_PATHS = "\"PhotoSizer/Preview Content\"";
				DEVELOPMENT_TEAM = J374TBL6J6;
				ENABLE_PREVIEWS = YES;
				INFOPLIST_FILE = PhotoSizer/Info.plist;
				LD_RUNPATH_SEARCH_PATHS = (
					"$(inherited)",
					"@executable_path/Frameworks",
				);
				PRODUCT_BUNDLE_IDENTIFIER = net.robnapier.PhotoSizer;
				PRODUCT_NAME = "$(TARGET_NAME)";
				SWIFT_VERSION = 5.0;
				TARGETED_DEVICE_FAMILY = "1,2";
			};
			name = Debug;
		};
		FB8C7A5B2469DCCC00027FC6 /* Release */ = {
			isa = XCBuildConfiguration;
			buildSettings = {
				ASSETCATALOG_COMPILER_APPICON_NAME = AppIcon;
				CODE_SIGN_STYLE = Automatic;
				DEVELOPMENT_ASSET_PATHS = "\"PhotoSizer/Preview Content\"";
				DEVELOPMENT_TEAM = J374TBL6J6;
				ENABLE_PREVIEWS = YES;
				INFOPLIST_FILE = PhotoSizer/Info.plist;
				LD_RUNPATH_SEARCH_PATHS = (
					"$(inherited)",
					"@executable_path/Frameworks",
				);
				PRODUCT_BUNDLE_IDENTIFIER = net.robnapier.PhotoSizer;
				PRODUCT_NAME = "$(TARGET_NAME)";
				SWIFT_VERSION = 5.0;
				TARGETED_DEVICE_FAMILY = "1,2";
			};
			name = Release;
		};
/* End XCBuildConfiguration section */

/* Begin XCConfigurationList section */
		FB8C7A402469DCCA00027FC6 /* Build configuration list for PBXProject "PhotoSizer" */ = {
			isa = XCConfigurationList;
			buildConfigurations = (
				FB8C7A572469DCCC00027FC6 /* Debug */,
				FB8C7A582469DCCC00027FC6 /* Release */,
			);
			defaultConfigurationIsVisible = 0;
			defaultConfigurationName = Release;
		};
		FB8C7A592469DCCC00027FC6 /* Build configuration list for PBXNativeTarget "PhotoSizer" */ = {
			isa = XCConfigurationList;
			buildConfigurations = (
				FB8C7A5A2469DCCC00027FC6 /* Debug */,
				FB8C7A5B2469DCCC00027FC6 /* Release */,
			);
			defaultConfigurationIsVisible = 0;
			defaultConfigurationName = Release;
		};
/* End XCConfigurationList section */
	};
	rootObject = FB8C7A3D2469DCCA00027FC6 /* Project object */;
}
